
Microsoft Visual Studio Solution File, Format Version 12.00
# Visual Studio Version 17
VisualStudioVersion = 17.8.34316.72
MinimumVisualStudioVersion = 10.0.40219.1
Project("{9A19103F-16F7-4668-BE54-9A1E7A4F7556}") = "ChalkBoardChat", "ChalkBoardChat\ChalkBoardChat.csproj", "{5F9968C8-AEF2-4E24-A984-1ADC5DB3D470}"
EndProject
Project("{9A19103F-16F7-4668-BE54-9A1E7A4F7556}") = "ChalkBoardChat.App", "ChalkBoardChat.App\ChalkBoardChat.App.csproj", "{10604A06-0632-4F63-922F-36EB65C81657}"
EndProject
Project("{9A19103F-16F7-4668-BE54-9A1E7A4F7556}") = "ChalkBoardChat.Data", "ChalkBoardChat.Data\ChalkBoardChat.Data.csproj", "{2E769926-F7AE-4AD6-BDEE-048698BD6A62}"
EndProject
Global
	GlobalSection(SolutionConfigurationPlatforms) = preSolution
		Debug|Any CPU = Debug|Any CPU
		Release|Any CPU = Release|Any CPU
	EndGlobalSection
	GlobalSection(ProjectConfigurationPlatforms) = postSolution
		{5F9968C8-AEF2-4E24-A984-1ADC5DB3D470}.Debug|Any CPU.ActiveCfg = Debug|Any CPU
		{5F9968C8-AEF2-4E24-A984-1ADC5DB3D470}.Debug|Any CPU.Build.0 = Debug|Any CPU
		{5F9968C8-AEF2-4E24-A984-1ADC5DB3D470}.Release|Any CPU.ActiveCfg = Release|Any CPU
		{5F9968C8-AEF2-4E24-A984-1ADC5DB3D470}.Release|Any CPU.Build.0 = Release|Any CPU
		{10604A06-0632-4F63-922F-36EB65C81657}.Debug|Any CPU.ActiveCfg = Debug|Any CPU
		{10604A06-0632-4F63-922F-36EB65C81657}.Debug|Any CPU.Build.0 = Debug|Any CPU
		{10604A06-0632-4F63-922F-36EB65C81657}.Release|Any CPU.ActiveCfg = Release|Any CPU
		{10604A06-0632-4F63-922F-36EB65C81657}.Release|Any CPU.Build.0 = Release|Any CPU
		{2E769926-F7AE-4AD6-BDEE-048698BD6A62}.Debug|Any CPU.ActiveCfg = Debug|Any CPU
		{2E769926-F7AE-4AD6-BDEE-048698BD6A62}.Debug|Any CPU.Build.0 = Debug|Any CPU
		{2E769926-F7AE-4AD6-BDEE-048698BD6A62}.Release|Any CPU.ActiveCfg = Release|Any CPU
		{2E769926-F7AE-4AD6-BDEE-048698BD6A62}.Release|Any CPU.Build.0 = Release|Any CPU
	EndGlobalSection
	GlobalSection(SolutionProperties) = preSolution
		HideSolutionNode = FALSE
	EndGlobalSection
	GlobalSection(ExtensibilityGlobals) = postSolution
		SolutionGuid = {9A491F5B-0126-49F7-8914-02DB1B95E194}
	EndGlobalSection
EndGlobal
